
Microsoft Visual Studio Solution File, Format Version 12.00
# Visual Studio Version 17
VisualStudioVersion = 17.14.36518.9 d17.14
MinimumVisualStudioVersion = 10.0.40219.1
Project("{FAE04EC0-301F-11D3-BF4B-00C04F79EFBC}") = "BookStore", "BookStore\BookStore.csproj", "{AB907DEC-94B4-4F19-8462-E5BB56A0F7F6}"
EndProject
Project("{FAE04EC0-301F-11D3-BF4B-00C04F79EFBC}") = "BookStore.Application", "BookStore.Application\BookStore.Application.csproj", "{295F4E65-4036-4DE5-9C28-16C4D4AC0EA8}"
EndProject
Project("{FAE04EC0-301F-11D3-BF4B-00C04F79EFBC}") = "BookStore.Domain", "BookStore.Domain\BookStore.Domain.csproj", "{0A76CD70-3FAD-42AE-A734-B0E3925CE1BD}"
EndProject
Global
	GlobalSection(SolutionConfigurationPlatforms) = preSolution
		Debug|Any CPU = Debug|Any CPU
		Release|Any CPU = Release|Any CPU
	EndGlobalSection
	GlobalSection(ProjectConfigurationPlatforms) = postSolution
		{AB907DEC-94B4-4F19-8462-E5BB56A0F7F6}.Debug|Any CPU.ActiveCfg = Debug|Any CPU
		{AB907DEC-94B4-4F19-8462-E5BB56A0F7F6}.Debug|Any CPU.Build.0 = Debug|Any CPU
		{AB907DEC-94B4-4F19-8462-E5BB56A0F7F6}.Release|Any CPU.ActiveCfg = Release|Any CPU
		{AB907DEC-94B4-4F19-8462-E5BB56A0F7F6}.Release|Any CPU.Build.0 = Release|Any CPU
		{295F4E65-4036-4DE5-9C28-16C4D4AC0EA8}.Debug|Any CPU.ActiveCfg = Debug|Any CPU
		{295F4E65-4036-4DE5-9C28-16C4D4AC0EA8}.Debug|Any CPU.Build.0 = Debug|Any CPU
		{295F4E65-4036-4DE5-9C28-16C4D4AC0EA8}.Release|Any CPU.ActiveCfg = Release|Any CPU
		{295F4E65-4036-4DE5-9C28-16C4D4AC0EA8}.Release|Any CPU.Build.0 = Release|Any CPU
		{0A76CD70-3FAD-42AE-A734-B0E3925CE1BD}.Debug|Any CPU.ActiveCfg = Debug|Any CPU
		{0A76CD70-3FAD-42AE-A734-B0E3925CE1BD}.Debug|Any CPU.Build.0 = Debug|Any CPU
		{0A76CD70-3FAD-42AE-A734-B0E3925CE1BD}.Release|Any CPU.ActiveCfg = Release|Any CPU
		{0A76CD70-3FAD-42AE-A734-B0E3925CE1BD}.Release|Any CPU.Build.0 = Release|Any CPU
	EndGlobalSection
	GlobalSection(SolutionProperties) = preSolution
		HideSolutionNode = FALSE
	EndGlobalSection
	GlobalSection(ExtensibilityGlobals) = postSolution
		SolutionGuid = {48CD0F4B-16D6-48A9-A337-09F1AEA53C7E}
	EndGlobalSection
EndGlobal
